
Microsoft Visual Studio Solution File, Format Version 12.00
# Visual Studio Version 17
VisualStudioVersion = 17.9.34723.18
MinimumVisualStudioVersion = 10.0.40219.1
Project("{FAE04EC0-301F-11D3-BF4B-00C04F79EFBC}") = "Lab2-School-Linq", "Lab2-School-Linq.csproj", "{ED07F1A1-C09B-4C9D-9130-2CCCE92A5161}"
EndProject
Global
	GlobalSection(SolutionConfigurationPlatforms) = preSolution
		Debug|Any CPU = Debug|Any CPU
		Release|Any CPU = Release|Any CPU
	EndGlobalSection
	GlobalSection(ProjectConfigurationPlatforms) = postSolution
		{ED07F1A1-C09B-4C9D-9130-2CCCE92A5161}.Debug|Any CPU.ActiveCfg = Debug|Any CPU
		{ED07F1A1-C09B-4C9D-9130-2CCCE92A5161}.Debug|Any CPU.Build.0 = Debug|Any CPU
		{ED07F1A1-C09B-4C9D-9130-2CCCE92A5161}.Release|Any CPU.ActiveCfg = Release|Any CPU
		{ED07F1A1-C09B-4C9D-9130-2CCCE92A5161}.Release|Any CPU.Build.0 = Release|Any CPU
	EndGlobalSection
	GlobalSection(SolutionProperties) = preSolution
		HideSolutionNode = FALSE
	EndGlobalSection
	GlobalSection(ExtensibilityGlobals) = postSolution
		SolutionGuid = {1DD8CE90-1569-4F7E-9CA8-81BFE681A272}
	EndGlobalSection
EndGlobal
